
Microsoft Visual Studio Solution File, Format Version 12.00
# Visual Studio Version 16
VisualStudioVersion = 16.0.29509.3
MinimumVisualStudioVersion = 10.0.40219.1
Project("{FAE04EC0-301F-11D3-BF4B-00C04F79EFBC}") = "VcpkgBuildTask", "VcpkgBuildTask.csproj", "{A5E37833-58C3-49F2-9B01-39F6E9418E26}"
EndProject
Project("{8BC9CEB8-8B4A-11D0-8D11-00A0C91BC942}") = "vcpkg", "deps\vcpkg\toolsrc\vcpkg\vcpkg.vcxproj", "{34671B80-54F9-46F5-8310-AC429C11D4FB}"
EndProject
Project("{8BC9CEB8-8B4A-11D0-8D11-00A0C91BC942}") = "vcpkglib", "deps\vcpkg\toolsrc\vcpkglib\vcpkglib.vcxproj", "{B98C92B7-2874-4537-9D46-D14E5C237F04}"
EndProject
Project("{8BC9CEB8-8B4A-11D0-8D11-00A0C91BC942}") = "Nuget", "nuget\Nuget.vcxproj", "{5C91D4CC-745F-4369-85D2-3EC5FDF21FE8}"
	ProjectSection(ProjectDependencies) = postProject
		{A5E37833-58C3-49F2-9B01-39F6E9418E26} = {A5E37833-58C3-49F2-9B01-39F6E9418E26}
		{34671B80-54F9-46F5-8310-AC429C11D4FB} = {34671B80-54F9-46F5-8310-AC429C11D4FB}
	EndProjectSection
EndProject
Project("{FAE04EC0-301F-11D3-BF4B-00C04F79EFBC}") = "VcpkgBuildTask.Tests", "tests\VcpkgBuildTask.Tests.csproj", "{C447243C-0B2E-4549-A3EA-7C8A45D6D2F1}"
	ProjectSection(ProjectDependencies) = postProject
		{A5E37833-58C3-49F2-9B01-39F6E9418E26} = {A5E37833-58C3-49F2-9B01-39F6E9418E26}
	EndProjectSection
EndProject
Global
	GlobalSection(SolutionConfigurationPlatforms) = preSolution
		Debug|Any CPU = Debug|Any CPU
		Debug|x64 = Debug|x64
		Debug|x86 = Debug|x86
		Release|Any CPU = Release|Any CPU
		Release|x64 = Release|x64
		Release|x86 = Release|x86
	EndGlobalSection
	GlobalSection(ProjectConfigurationPlatforms) = postSolution
		{A5E37833-58C3-49F2-9B01-39F6E9418E26}.Debug|Any CPU.ActiveCfg = Debug|Any CPU
		{A5E37833-58C3-49F2-9B01-39F6E9418E26}.Debug|Any CPU.Build.0 = Debug|Any CPU
		{A5E37833-58C3-49F2-9B01-39F6E9418E26}.Debug|x64.ActiveCfg = Debug|Any CPU
		{A5E37833-58C3-49F2-9B01-39F6E9418E26}.Debug|x64.Build.0 = Debug|Any CPU
		{A5E37833-58C3-49F2-9B01-39F6E9418E26}.Debug|x86.ActiveCfg = Debug|Any CPU
		{A5E37833-58C3-49F2-9B01-39F6E9418E26}.Debug|x86.Build.0 = Debug|Any CPU
		{A5E37833-58C3-49F2-9B01-39F6E9418E26}.Release|Any CPU.ActiveCfg = Release|Any CPU
		{A5E37833-58C3-49F2-9B01-39F6E9418E26}.Release|Any CPU.Build.0 = Release|Any CPU
		{A5E37833-58C3-49F2-9B01-39F6E9418E26}.Release|x64.ActiveCfg = Release|Any CPU
		{A5E37833-58C3-49F2-9B01-39F6E9418E26}.Release|x64.Build.0 = Release|Any CPU
		{A5E37833-58C3-49F2-9B01-39F6E9418E26}.Release|x86.ActiveCfg = Release|Any CPU
		{A5E37833-58C3-49F2-9B01-39F6E9418E26}.Release|x86.Build.0 = Release|Any CPU
		{34671B80-54F9-46F5-8310-AC429C11D4FB}.Debug|Any CPU.ActiveCfg = Debug|Win32
		{34671B80-54F9-46F5-8310-AC429C11D4FB}.Debug|x64.ActiveCfg = Debug|x64
		{34671B80-54F9-46F5-8310-AC429C11D4FB}.Debug|x64.Build.0 = Debug|x64
		{34671B80-54F9-46F5-8310-AC429C11D4FB}.Debug|x86.ActiveCfg = Debug|Win32
		{34671B80-54F9-46F5-8310-AC429C11D4FB}.Debug|x86.Build.0 = Debug|Win32
		{34671B80-54F9-46F5-8310-AC429C11D4FB}.Release|Any CPU.ActiveCfg = Release|Win32
		{34671B80-54F9-46F5-8310-AC429C11D4FB}.Release|x64.ActiveCfg = Release|x64
		{34671B80-54F9-46F5-8310-AC429C11D4FB}.Release|x64.Build.0 = Release|x64
		{34671B80-54F9-46F5-8310-AC429C11D4FB}.Release|x86.ActiveCfg = Release|Win32
		{34671B80-54F9-46F5-8310-AC429C11D4FB}.Release|x86.Build.0 = Release|Win32
		{B98C92B7-2874-4537-9D46-D14E5C237F04}.Debug|Any CPU.ActiveCfg = Debug|Win32
		{B98C92B7-2874-4537-9D46-D14E5C237F04}.Debug|x64.ActiveCfg = Debug|x64
		{B98C92B7-2874-4537-9D46-D14E5C237F04}.Debug|x64.Build.0 = Debug|x64
		{B98C92B7-2874-4537-9D46-D14E5C237F04}.Debug|x86.ActiveCfg = Debug|Win32
		{B98C92B7-2874-4537-9D46-D14E5C237F04}.Debug|x86.Build.0 = Debug|Win32
		{B98C92B7-2874-4537-9D46-D14E5C237F04}.Release|Any CPU.ActiveCfg = Release|Win32
		{B98C92B7-2874-4537-9D46-D14E5C237F04}.Release|x64.ActiveCfg = Release|x64
		{B98C92B7-2874-4537-9D46-D14E5C237F04}.Release|x64.Build.0 = Release|x64
		{B98C92B7-2874-4537-9D46-D14E5C237F04}.Release|x86.ActiveCfg = Release|Win32
		{B98C92B7-2874-4537-9D46-D14E5C237F04}.Release|x86.Build.0 = Release|Win32
		{5C91D4CC-745F-4369-85D2-3EC5FDF21FE8}.Debug|Any CPU.ActiveCfg = Debug|Win32
		{5C91D4CC-745F-4369-85D2-3EC5FDF21FE8}.Debug|x64.ActiveCfg = Debug|x64
		{5C91D4CC-745F-4369-85D2-3EC5FDF21FE8}.Debug|x86.ActiveCfg = Debug|Win32
		{5C91D4CC-745F-4369-85D2-3EC5FDF21FE8}.Release|Any CPU.ActiveCfg = Release|Win32
		{5C91D4CC-745F-4369-85D2-3EC5FDF21FE8}.Release|x64.ActiveCfg = Release|x64
		{5C91D4CC-745F-4369-85D2-3EC5FDF21FE8}.Release|x86.ActiveCfg = Release|Win32
		{5C91D4CC-745F-4369-85D2-3EC5FDF21FE8}.Release|x86.Build.0 = Release|Win32
		{C447243C-0B2E-4549-A3EA-7C8A45D6D2F1}.Debug|Any CPU.ActiveCfg = Debug|Any CPU
		{C447243C-0B2E-4549-A3EA-7C8A45D6D2F1}.Debug|Any CPU.Build.0 = Debug|Any CPU
		{C447243C-0B2E-4549-A3EA-7C8A45D6D2F1}.Debug|x64.ActiveCfg = Debug|Any CPU
		{C447243C-0B2E-4549-A3EA-7C8A45D6D2F1}.Debug|x64.Build.0 = Debug|Any CPU
		{C447243C-0B2E-4549-A3EA-7C8A45D6D2F1}.Debug|x86.ActiveCfg = Debug|Any CPU
		{C447243C-0B2E-4549-A3EA-7C8A45D6D2F1}.Debug|x86.Build.0 = Debug|Any CPU
		{C447243C-0B2E-4549-A3EA-7C8A45D6D2F1}.Release|Any CPU.ActiveCfg = Release|Any CPU
		{C447243C-0B2E-4549-A3EA-7C8A45D6D2F1}.Release|Any CPU.Build.0 = Release|Any CPU
		{C447243C-0B2E-4549-A3EA-7C8A45D6D2F1}.Release|x64.ActiveCfg = Release|Any CPU
		{C447243C-0B2E-4549-A3EA-7C8A45D6D2F1}.Release|x64.Build.0 = Release|Any CPU
		{C447243C-0B2E-4549-A3EA-7C8A45D6D2F1}.Release|x86.ActiveCfg = Release|Any CPU
		{C447243C-0B2E-4549-A3EA-7C8A45D6D2F1}.Release|x86.Build.0 = Release|Any CPU
	EndGlobalSection
	GlobalSection(SolutionProperties) = preSolution
		HideSolutionNode = FALSE
	EndGlobalSection
	GlobalSection(ExtensibilityGlobals) = postSolution
		SolutionGuid = {6A815A3E-00C5-49DE-A076-3EC7788EDD6C}
	EndGlobalSection
EndGlobal
